
Microsoft Visual Studio Solution File, Format Version 12.00
# Visual Studio Version 17
VisualStudioVersion = 17.3.32819.101
MinimumVisualStudioVersion = 10.0.40219.1
Project("{9A19103F-16F7-4668-BE54-9A1E7A4F7556}") = "CleanNotepad.Outer", "CleanNotepad.Outer\CleanNotepad.Outer.csproj", "{75FDE169-368B-4BAA-AD9C-A683F033037C}"
EndProject
Project("{9A19103F-16F7-4668-BE54-9A1E7A4F7556}") = "CleanNotepad.Entity", "CleanNotepad.Entity\CleanNotepad.Entity.csproj", "{827BAB2E-2352-4A95-BAA1-B91A9C45849A}"
EndProject
Project("{9A19103F-16F7-4668-BE54-9A1E7A4F7556}") = "CleanNotepad.UseCase", "CleanNotepad.Usecase\CleanNotepad.UseCase.csproj", "{EC1AED8D-B5ED-4B78-BED4-D5E888F0CE38}"
EndProject
Project("{9A19103F-16F7-4668-BE54-9A1E7A4F7556}") = "CleanNotepad.InterfaceAdapterForDB", "CleanNotepad.InterfaceAdapterForDB\CleanNotepad.InterfaceAdapterForDB.csproj", "{C38C2B28-4897-41D2-9015-6AB11A077B12}"
EndProject
Project("{9A19103F-16F7-4668-BE54-9A1E7A4F7556}") = "CleanNotepad.Entity.Test", "CleanNotepad.Entity.Test\CleanNotepad.Entity.Test.csproj", "{1559C3FE-D8C5-4A27-8789-2A6650E1EFD9}"
EndProject
Global
	GlobalSection(SolutionConfigurationPlatforms) = preSolution
		Debug|Any CPU = Debug|Any CPU
		Release|Any CPU = Release|Any CPU
	EndGlobalSection
	GlobalSection(ProjectConfigurationPlatforms) = postSolution
		{75FDE169-368B-4BAA-AD9C-A683F033037C}.Debug|Any CPU.ActiveCfg = Debug|Any CPU
		{75FDE169-368B-4BAA-AD9C-A683F033037C}.Debug|Any CPU.Build.0 = Debug|Any CPU
		{75FDE169-368B-4BAA-AD9C-A683F033037C}.Release|Any CPU.ActiveCfg = Release|Any CPU
		{75FDE169-368B-4BAA-AD9C-A683F033037C}.Release|Any CPU.Build.0 = Release|Any CPU
		{827BAB2E-2352-4A95-BAA1-B91A9C45849A}.Debug|Any CPU.ActiveCfg = Debug|Any CPU
		{827BAB2E-2352-4A95-BAA1-B91A9C45849A}.Debug|Any CPU.Build.0 = Debug|Any CPU
		{827BAB2E-2352-4A95-BAA1-B91A9C45849A}.Release|Any CPU.ActiveCfg = Release|Any CPU
		{827BAB2E-2352-4A95-BAA1-B91A9C45849A}.Release|Any CPU.Build.0 = Release|Any CPU
		{EC1AED8D-B5ED-4B78-BED4-D5E888F0CE38}.Debug|Any CPU.ActiveCfg = Debug|Any CPU
		{EC1AED8D-B5ED-4B78-BED4-D5E888F0CE38}.Debug|Any CPU.Build.0 = Debug|Any CPU
		{EC1AED8D-B5ED-4B78-BED4-D5E888F0CE38}.Release|Any CPU.ActiveCfg = Release|Any CPU
		{EC1AED8D-B5ED-4B78-BED4-D5E888F0CE38}.Release|Any CPU.Build.0 = Release|Any CPU
		{C38C2B28-4897-41D2-9015-6AB11A077B12}.Debug|Any CPU.ActiveCfg = Debug|Any CPU
		{C38C2B28-4897-41D2-9015-6AB11A077B12}.Debug|Any CPU.Build.0 = Debug|Any CPU
		{C38C2B28-4897-41D2-9015-6AB11A077B12}.Release|Any CPU.ActiveCfg = Release|Any CPU
		{C38C2B28-4897-41D2-9015-6AB11A077B12}.Release|Any CPU.Build.0 = Release|Any CPU
		{1559C3FE-D8C5-4A27-8789-2A6650E1EFD9}.Debug|Any CPU.ActiveCfg = Debug|Any CPU
		{1559C3FE-D8C5-4A27-8789-2A6650E1EFD9}.Debug|Any CPU.Build.0 = Debug|Any CPU
		{1559C3FE-D8C5-4A27-8789-2A6650E1EFD9}.Release|Any CPU.ActiveCfg = Release|Any CPU
		{1559C3FE-D8C5-4A27-8789-2A6650E1EFD9}.Release|Any CPU.Build.0 = Release|Any CPU
	EndGlobalSection
	GlobalSection(SolutionProperties) = preSolution
		HideSolutionNode = FALSE
	EndGlobalSection
	GlobalSection(ExtensibilityGlobals) = postSolution
		SolutionGuid = {0FE004C3-50E9-4998-93C7-FC22E2C5E9E0}
	EndGlobalSection
EndGlobal
